
Microsoft Visual Studio Solution File, Format Version 11.00
# Visual C# Express 2010
Project("{FAE04EC0-301F-11D3-BF4B-00C04F79EFBC}") = "CS01-Lesson-03-01-ConsApp", "CS01-Lesson-03-01-ConsApp\CS01-Lesson-03-01-ConsApp.csproj", "{51CE3841-9247-4952-B4CF-10DB9339E1E5}"
EndProject
Project("{FAE04EC0-301F-11D3-BF4B-00C04F79EFBC}") = "CS01-Lesson-03-02-ConsApp", "CS01-Lesson-03-02-ConsApp\CS01-Lesson-03-02-ConsApp.csproj", "{37BA4A51-C5C0-4C2C-9971-38CE1779A9E4}"
EndProject
Project("{FAE04EC0-301F-11D3-BF4B-00C04F79EFBC}") = "CS01-Lesson-03-03-ConsApp", "CS01-Lesson-03-03-ConsApp\CS01-Lesson-03-03-ConsApp.csproj", "{69FCB108-ADA6-4937-A29D-48D7F4D2270C}"
EndProject
Project("{FAE04EC0-301F-11D3-BF4B-00C04F79EFBC}") = "CS01-Lesson-03-04-ConsApp", "CS01-Lesson-03-04-ConsApp\CS01-Lesson-03-04-ConsApp.csproj", "{57905E6F-3037-4D58-96BC-1684DB6BC3F3}"
EndProject
Project("{FAE04EC0-301F-11D3-BF4B-00C04F79EFBC}") = "CS01-Lesson-03-05-ConsApp", "CS01-Lesson-03-05-ConsApp\CS01-Lesson-03-05-ConsApp.csproj", "{E593E7D3-674C-48C8-8359-95E854A6E34F}"
EndProject
Project("{FAE04EC0-301F-11D3-BF4B-00C04F79EFBC}") = "CS01-Lesson-03-06-ConsApp", "CS01-Lesson-03-06-ConsApp\CS01-Lesson-03-06-ConsApp.csproj", "{3FC590BD-C0F6-40AB-AA0D-58D35C10B119}"
EndProject
Project("{FAE04EC0-301F-11D3-BF4B-00C04F79EFBC}") = "CS01-Lesson-03-07-ConsApp", "CS01-Lesson-03-07-ConsApp\CS01-Lesson-03-07-ConsApp.csproj", "{60A0C51E-5251-45A7-AF66-76FE85C9B89A}"
EndProject
Project("{FAE04EC0-301F-11D3-BF4B-00C04F79EFBC}") = "CS01-Lesson-03-08-ConsApp", "CS01-Lesson-03-08-ConsApp\CS01-Lesson-03-08-ConsApp.csproj", "{1222F52B-DC2B-44F8-9133-823D6A739381}"
EndProject
Project("{FAE04EC0-301F-11D3-BF4B-00C04F79EFBC}") = "CS01-Lesson-03-09-ConsApp", "CS01-Lesson-03-09-ConsApp\CS01-Lesson-03-09-ConsApp.csproj", "{7330B332-58D6-4036-85C0-22888F0D8158}"
EndProject
Project("{FAE04EC0-301F-11D3-BF4B-00C04F79EFBC}") = "CS01-Lesson-03-10-ConsApp", "CS01-Lesson-03-10-ConsApp\CS01-Lesson-03-10-ConsApp.csproj", "{A1564531-2EE1-494C-BD45-793AE5E32622}"
EndProject
Global
	GlobalSection(SolutionConfigurationPlatforms) = preSolution
		Debug|x86 = Debug|x86
		Release|x86 = Release|x86
	EndGlobalSection
	GlobalSection(ProjectConfigurationPlatforms) = postSolution
		{51CE3841-9247-4952-B4CF-10DB9339E1E5}.Debug|x86.ActiveCfg = Debug|x86
		{51CE3841-9247-4952-B4CF-10DB9339E1E5}.Debug|x86.Build.0 = Debug|x86
		{51CE3841-9247-4952-B4CF-10DB9339E1E5}.Release|x86.ActiveCfg = Release|x86
		{51CE3841-9247-4952-B4CF-10DB9339E1E5}.Release|x86.Build.0 = Release|x86
		{37BA4A51-C5C0-4C2C-9971-38CE1779A9E4}.Debug|x86.ActiveCfg = Debug|x86
		{37BA4A51-C5C0-4C2C-9971-38CE1779A9E4}.Debug|x86.Build.0 = Debug|x86
		{37BA4A51-C5C0-4C2C-9971-38CE1779A9E4}.Release|x86.ActiveCfg = Release|x86
		{37BA4A51-C5C0-4C2C-9971-38CE1779A9E4}.Release|x86.Build.0 = Release|x86
		{69FCB108-ADA6-4937-A29D-48D7F4D2270C}.Debug|x86.ActiveCfg = Debug|x86
		{69FCB108-ADA6-4937-A29D-48D7F4D2270C}.Debug|x86.Build.0 = Debug|x86
		{69FCB108-ADA6-4937-A29D-48D7F4D2270C}.Release|x86.ActiveCfg = Release|x86
		{69FCB108-ADA6-4937-A29D-48D7F4D2270C}.Release|x86.Build.0 = Release|x86
		{57905E6F-3037-4D58-96BC-1684DB6BC3F3}.Debug|x86.ActiveCfg = Debug|x86
		{57905E6F-3037-4D58-96BC-1684DB6BC3F3}.Debug|x86.Build.0 = Debug|x86
		{57905E6F-3037-4D58-96BC-1684DB6BC3F3}.Release|x86.ActiveCfg = Release|x86
		{57905E6F-3037-4D58-96BC-1684DB6BC3F3}.Release|x86.Build.0 = Release|x86
		{E593E7D3-674C-48C8-8359-95E854A6E34F}.Debug|x86.ActiveCfg = Debug|x86
		{E593E7D3-674C-48C8-8359-95E854A6E34F}.Debug|x86.Build.0 = Debug|x86
		{E593E7D3-674C-48C8-8359-95E854A6E34F}.Release|x86.ActiveCfg = Release|x86
		{E593E7D3-674C-48C8-8359-95E854A6E34F}.Release|x86.Build.0 = Release|x86
		{3FC590BD-C0F6-40AB-AA0D-58D35C10B119}.Debug|x86.ActiveCfg = Debug|x86
		{3FC590BD-C0F6-40AB-AA0D-58D35C10B119}.Debug|x86.Build.0 = Debug|x86
		{3FC590BD-C0F6-40AB-AA0D-58D35C10B119}.Release|x86.ActiveCfg = Release|x86
		{3FC590BD-C0F6-40AB-AA0D-58D35C10B119}.Release|x86.Build.0 = Release|x86
		{60A0C51E-5251-45A7-AF66-76FE85C9B89A}.Debug|x86.ActiveCfg = Debug|x86
		{60A0C51E-5251-45A7-AF66-76FE85C9B89A}.Debug|x86.Build.0 = Debug|x86
		{60A0C51E-5251-45A7-AF66-76FE85C9B89A}.Release|x86.ActiveCfg = Release|x86
		{60A0C51E-5251-45A7-AF66-76FE85C9B89A}.Release|x86.Build.0 = Release|x86
		{1222F52B-DC2B-44F8-9133-823D6A739381}.Debug|x86.ActiveCfg = Debug|x86
		{1222F52B-DC2B-44F8-9133-823D6A739381}.Debug|x86.Build.0 = Debug|x86
		{1222F52B-DC2B-44F8-9133-823D6A739381}.Release|x86.ActiveCfg = Release|x86
		{1222F52B-DC2B-44F8-9133-823D6A739381}.Release|x86.Build.0 = Release|x86
		{7330B332-58D6-4036-85C0-22888F0D8158}.Debug|x86.ActiveCfg = Debug|x86
		{7330B332-58D6-4036-85C0-22888F0D8158}.Debug|x86.Build.0 = Debug|x86
		{7330B332-58D6-4036-85C0-22888F0D8158}.Release|x86.ActiveCfg = Release|x86
		{7330B332-58D6-4036-85C0-22888F0D8158}.Release|x86.Build.0 = Release|x86
		{A1564531-2EE1-494C-BD45-793AE5E32622}.Debug|x86.ActiveCfg = Debug|x86
		{A1564531-2EE1-494C-BD45-793AE5E32622}.Debug|x86.Build.0 = Debug|x86
		{A1564531-2EE1-494C-BD45-793AE5E32622}.Release|x86.ActiveCfg = Release|x86
		{A1564531-2EE1-494C-BD45-793AE5E32622}.Release|x86.Build.0 = Release|x86
	EndGlobalSection
	GlobalSection(SolutionProperties) = preSolution
		HideSolutionNode = FALSE
	EndGlobalSection
EndGlobal
